
Microsoft Visual Studio Solution File, Format Version 12.00
# Visual Studio Version 17
VisualStudioVersion = 17.3.32922.545
MinimumVisualStudioVersion = 10.0.40219.1
Project("{FAE04EC0-301F-11D3-BF4B-00C04F79EFBC}") = "Barbie Calc Final", "Barbie Calc Final\Barbie Calc Final.csproj", "{40584C6D-187D-44D8-9256-F694D0D07EDB}"
EndProject
Global
	GlobalSection(SolutionConfigurationPlatforms) = preSolution
		Debug|Any CPU = Debug|Any CPU
		Release|Any CPU = Release|Any CPU
	EndGlobalSection
	GlobalSection(ProjectConfigurationPlatforms) = postSolution
		{40584C6D-187D-44D8-9256-F694D0D07EDB}.Debug|Any CPU.ActiveCfg = Debug|Any CPU
		{40584C6D-187D-44D8-9256-F694D0D07EDB}.Debug|Any CPU.Build.0 = Debug|Any CPU
		{40584C6D-187D-44D8-9256-F694D0D07EDB}.Release|Any CPU.ActiveCfg = Release|Any CPU
		{40584C6D-187D-44D8-9256-F694D0D07EDB}.Release|Any CPU.Build.0 = Release|Any CPU
	EndGlobalSection
	GlobalSection(SolutionProperties) = preSolution
		HideSolutionNode = FALSE
	EndGlobalSection
	GlobalSection(ExtensibilityGlobals) = postSolution
		SolutionGuid = {3BB76259-7B92-4727-AEE8-EDB37A29D803}
	EndGlobalSection
EndGlobal
